{
  "object": {
    "pins": [
      {
        "package": "FregaderoDeCocina",
        "repositoryURL": "https://github.com/pedantix/fregadero-de-cocina",
        "state": {
          "branch": null,
          "revision": "13c1e16b5b4a038b1d8af230c3001fc29dc9b0cf",
          "version": "0.0.2"
        }
      },
      {
        "package": "Nimble",
        "repositoryURL": "https://github.com/Quick/Nimble.git",
        "state": {
          "branch": null,
          "revision": "7fd118ec8795888bcbbebc1a41f6984454c4cd6f",
          "version": "8.0.7"
        }
      },
      {
        "package": "Quick",
        "repositoryURL": "https://github.com/Quick/Quick.git",
        "state": {
          "branch": null,
          "revision": "33682c2f6230c60614861dfc61df267e11a1602f",
          "version": "2.2.0"
        }
      }
    ]
  },
  "version": 1
}
